
Microsoft Visual Studio Solution File, Format Version 12.00
# Visual Studio Version 17
VisualStudioVersion = 17.13.35825.156
MinimumVisualStudioVersion = 10.0.40219.1
Project("{FAE04EC0-301F-11D3-BF4B-00C04F79EFBC}") = "Connect4Models", "Connect4Models\Connect4Models.csproj", "{28F0F3A6-FF4D-4FA6-9DCE-B4A5C38F4774}"
EndProject
Project("{FAE04EC0-301F-11D3-BF4B-00C04F79EFBC}") = "Connect4UI", "Connect4UI\Connect4UI.csproj", "{10EB8293-1C07-4266-96F6-F955A26D33D0}"
EndProject
Project("{FAE04EC0-301F-11D3-BF4B-00C04F79EFBC}") = "Connect4Test", "Connect4Test\Connect4Test.csproj", "{FA7BDD32-BA42-EC95-0A3B-73DC66D807EB}"
EndProject
Global
	GlobalSection(SolutionConfigurationPlatforms) = preSolution
		Debug|Any CPU = Debug|Any CPU
		Release|Any CPU = Release|Any CPU
	EndGlobalSection
	GlobalSection(ProjectConfigurationPlatforms) = postSolution
		{28F0F3A6-FF4D-4FA6-9DCE-B4A5C38F4774}.Debug|Any CPU.ActiveCfg = Debug|Any CPU
		{28F0F3A6-FF4D-4FA6-9DCE-B4A5C38F4774}.Debug|Any CPU.Build.0 = Debug|Any CPU
		{28F0F3A6-FF4D-4FA6-9DCE-B4A5C38F4774}.Release|Any CPU.ActiveCfg = Release|Any CPU
		{28F0F3A6-FF4D-4FA6-9DCE-B4A5C38F4774}.Release|Any CPU.Build.0 = Release|Any CPU
		{10EB8293-1C07-4266-96F6-F955A26D33D0}.Debug|Any CPU.ActiveCfg = Debug|Any CPU
		{10EB8293-1C07-4266-96F6-F955A26D33D0}.Debug|Any CPU.Build.0 = Debug|Any CPU
		{10EB8293-1C07-4266-96F6-F955A26D33D0}.Release|Any CPU.ActiveCfg = Release|Any CPU
		{10EB8293-1C07-4266-96F6-F955A26D33D0}.Release|Any CPU.Build.0 = Release|Any CPU
		{FA7BDD32-BA42-EC95-0A3B-73DC66D807EB}.Debug|Any CPU.ActiveCfg = Debug|Any CPU
		{FA7BDD32-BA42-EC95-0A3B-73DC66D807EB}.Debug|Any CPU.Build.0 = Debug|Any CPU
		{FA7BDD32-BA42-EC95-0A3B-73DC66D807EB}.Release|Any CPU.ActiveCfg = Release|Any CPU
		{FA7BDD32-BA42-EC95-0A3B-73DC66D807EB}.Release|Any CPU.Build.0 = Release|Any CPU
	EndGlobalSection
	GlobalSection(SolutionProperties) = preSolution
		HideSolutionNode = FALSE
	EndGlobalSection
	GlobalSection(ExtensibilityGlobals) = postSolution
		SolutionGuid = {E60FE299-6DBB-482A-A7D4-BF71838AB375}
	EndGlobalSection
EndGlobal
